// !$*UTF8*$!
{
	archiveVersion = 1;
	classes = {
	};
	objectVersion = 54;
	objects = {

/* Begin PBXBuildFile section */
		00E356F31AD99517003FC87E /* sraagMobileTests.m in Sources */ = {isa = PBXBuildFile; fileRef = 00E356F21AD99517003FC87E /* sraagMobileTests.m */; };
		13B07FBC1A68108700A75B9A /* AppDelegate.m in Sources */ = {isa = PBXBuildFile; fileRef = 13B07FB01A68108700A75B9A /* AppDelegate.m */; };
		13B07FBF1A68108700A75B9A /* Images.xcassets in Resources */ = {isa = PBXBuildFile; fileRef = 13B07FB51A68108700A75B9A /* Images.xcassets */; };
		13B07FC11A68108700A75B9A /* main.m in Sources */ = {isa = PBXBuildFile; fileRef = 13B07FB71A68108700A75B9A /* main.m */; };
		81AB9BB82411601600AC10FF /* LaunchScreen.storyboard in Resources */ = {isa = PBXBuildFile; fileRef = 81AB9BB72411601600AC10FF /* LaunchScreen.storyboard */; };
		ECB292BBD8A0496CA410F096 /* BalooTammudu2-Bold.ttf in Resources */ = {isa = PBXBuildFile; fileRef = 11BAF52D523146E0BF506642 /* BalooTammudu2-Bold.ttf */; };
		E64687A2135046DDB64B404D /* BalooTammudu2-ExtraBold.ttf in Resources */ = {isa = PBXBuildFile; fileRef = 0317B3D622A64B7088D167EA /* BalooTammudu2-ExtraBold.ttf */; };
		D8D8524C6DE948F6ABB54520 /* BalooTammudu2-Medium.ttf in Resources */ = {isa = PBXBuildFile; fileRef = DA633A8AB5424A509CB4C135 /* BalooTammudu2-Medium.ttf */; };
		216E15E71C664846B21BA504 /* BalooTammudu2-Regular.ttf in Resources */ = {isa = PBXBuildFile; fileRef = B68395A7DEA34D8FB3F13447 /* BalooTammudu2-Regular.ttf */; };
		A562F77F22194EFCBFB9199B /* BalooTammudu2-SemiBold.ttf in Resources */ = {isa = PBXBuildFile; fileRef = 32CB7516B7584C6AAD900147 /* BalooTammudu2-SemiBold.ttf */; };
		10E6754E25794BC58EABD4AE /* AntDesign.ttf in Resources */ = {isa = PBXBuildFile; fileRef = 3B47AC1BEFB840CEA2E450AB /* AntDesign.ttf */; };
		9C01A99DE3AC47CCA960E558 /* Entypo.ttf in Resources */ = {isa = PBXBuildFile; fileRef = 1D26C6044CED47F08567E404 /* Entypo.ttf */; };
		5387B70BB237409DAF415300 /* EvilIcons.ttf in Resources */ = {isa = PBXBuildFile; fileRef = 8431988ACBF545E6A272B90F /* EvilIcons.ttf */; };
		1B853D44E1694C10BC85F26B /* Feather.ttf in Resources */ = {isa = PBXBuildFile; fileRef = 225F183D7F894B6DB76763EB /* Feather.ttf */; };
		CE4CDED2D46A4CA88762165C /* FontAwesome.ttf in Resources */ = {isa = PBXBuildFile; fileRef = 6A299FE672E94ADD8923E4BB /* FontAwesome.ttf */; };
		9AFF0D0B61DA4E8EA00F08F7 /* FontAwesome5_Brands.ttf in Resources */ = {isa = PBXBuildFile; fileRef = 1E0A2A842FF94C088C40F054 /* FontAwesome5_Brands.ttf */; };
		973E8127062A4F1EA80E6991 /* FontAwesome5_Regular.ttf in Resources */ = {isa = PBXBuildFile; fileRef = 3D3F7B5160384B5AB3F06175 /* FontAwesome5_Regular.ttf */; };
		CF941DEAECDC4339B5F4BB56 /* FontAwesome5_Solid.ttf in Resources */ = {isa = PBXBuildFile; fileRef = 005E83C808A44C24ACC9782F /* FontAwesome5_Solid.ttf */; };
		B9B22BA4672D475AB5FD150B /* Fontisto.ttf in Resources */ = {isa = PBXBuildFile; fileRef = 0C8E508F6C2D4AE4A94F1861 /* Fontisto.ttf */; };
		CD541B5AB1DC467F811EC663 /* Foundation.ttf in Resources */ = {isa = PBXBuildFile; fileRef = 30C45B8CAD5748028DDF3A55 /* Foundation.ttf */; };
		6F4CCC2EF1ED441693E13709 /* Ionicons.ttf in Resources */ = {isa = PBXBuildFile; fileRef = 11E88F70A4E047C49594BBF4 /* Ionicons.ttf */; };
		3ECA2E7DAF334E878E04A966 /* MaterialCommunityIcons.ttf in Resources */ = {isa = PBXBuildFile; fileRef = B417B60F1B3F45FF857FC72B /* MaterialCommunityIcons.ttf */; };
		35CD53CAFEE74B58A24331EA /* MaterialIcons.ttf in Resources */ = {isa = PBXBuildFile; fileRef = BED096FFB07E4B748D84EB98 /* MaterialIcons.ttf */; };
		2C6A004E49254EC1A7195FB6 /* Octicons.ttf in Resources */ = {isa = PBXBuildFile; fileRef = F836394C4B9545A7938F294B /* Octicons.ttf */; };
		6DBF1C34246346B79D76ABA1 /* SimpleLineIcons.ttf in Resources */ = {isa = PBXBuildFile; fileRef = 5A508A0FCC5C48E8821E1B53 /* SimpleLineIcons.ttf */; };
		2BB1F26B043A43FE899D007D /* Zocial.ttf in Resources */ = {isa = PBXBuildFile; fileRef = 3DF68B4CACC94FD78838B68B /* Zocial.ttf */; };
		7C78071719A2498B9E9A3CD9 /* Baloo-Bold.ttf in Resources */ = {isa = PBXBuildFile; fileRef = 2243682964474D669F4C8414 /* Baloo-Bold.ttf */; };
		3E6463270CF841EBA5255BE3 /* Baloo-ExtraBold.ttf in Resources */ = {isa = PBXBuildFile; fileRef = DE2B1BD041FF49F1B2DEBB48 /* Baloo-ExtraBold.ttf */; };
		EC827E43CFC64FBFB9B60DDD /* Baloo-Medium.ttf in Resources */ = {isa = PBXBuildFile; fileRef = 9659E83F52BF4413B2C615A5 /* Baloo-Medium.ttf */; };
		5A39A7A0EBCD43B48F5A10B2 /* Baloo-Regular.ttf in Resources */ = {isa = PBXBuildFile; fileRef = 0B81E5CE1072470AAB5E3804 /* Baloo-Regular.ttf */; };
		374C893A99C24A08920E90E1 /* Baloo-SemiBold.ttf in Resources */ = {isa = PBXBuildFile; fileRef = 23F349975BA6414F859304DF /* Baloo-SemiBold.ttf */; };
		EB4FAF0AEA6D48A780E2EF75 /* BalooBold.ttf in Resources */ = {isa = PBXBuildFile; fileRef = 75452D743867483A91A9656A /* BalooBold.ttf */; };
		65C902B2AF214227BAA7410E /* BalooExtraBold.ttf in Resources */ = {isa = PBXBuildFile; fileRef = A7E4982AC26149AAA3AEE6CF /* BalooExtraBold.ttf */; };
		91A4EB211EE04A898E9705D2 /* BalooMedium.ttf in Resources */ = {isa = PBXBuildFile; fileRef = D52DBFB7081E46AFA4345D42 /* BalooMedium.ttf */; };
		CD693E38AA7444F7997B35DD /* BalooRegular.ttf in Resources */ = {isa = PBXBuildFile; fileRef = 124A653B709F4758A0F72F9A /* BalooRegular.ttf */; };
		024F4547724E45F8BF6E7677 /* BalooSemiBold.ttf in Resources */ = {isa = PBXBuildFile; fileRef = 667228D232234164B89EA1CC /* BalooSemiBold.ttf */; };
/* End PBXBuildFile section */

/* Begin PBXContainerItemProxy section */
		00E356F41AD99517003FC87E /* PBXContainerItemProxy */ = {
			isa = PBXContainerItemProxy;
			containerPortal = 83CBB9F71A601CBA00E9B192 /* Project object */;
			proxyType = 1;
			remoteGlobalIDString = 13B07F861A680F5B00A75B9A;
			remoteInfo = sraagMobile;
		};
/* End PBXContainerItemProxy section */

/* Begin PBXFileReference section */
		00E356EE1AD99517003FC87E /* sraagMobileTests.xctest */ = {isa = PBXFileReference; explicitFileType = wrapper.cfbundle; includeInIndex = 0; path = sraagMobileTests.xctest; sourceTree = BUILT_PRODUCTS_DIR; };
		00E356F11AD99517003FC87E /* Info.plist */ = {isa = PBXFileReference; lastKnownFileType = text.plist.xml; path = Info.plist; sourceTree = "<group>"; };
		00E356F21AD99517003FC87E /* sraagMobileTests.m */ = {isa = PBXFileReference; lastKnownFileType = sourcecode.c.objc; path = sraagMobileTests.m; sourceTree = "<group>"; };
		13B07F961A680F5B00A75B9A /* sraagMobile.app */ = {isa = PBXFileReference; explicitFileType = wrapper.application; includeInIndex = 0; path = sraagMobile.app; sourceTree = BUILT_PRODUCTS_DIR; };
		13B07FAF1A68108700A75B9A /* AppDelegate.h */ = {isa = PBXFileReference; fileEncoding = 4; lastKnownFileType = sourcecode.c.h; name = AppDelegate.h; path = sraagMobile/AppDelegate.h; sourceTree = "<group>"; };
		13B07FB01A68108700A75B9A /* AppDelegate.m */ = {isa = PBXFileReference; fileEncoding = 4; lastKnownFileType = sourcecode.c.objc; name = AppDelegate.m; path = sraagMobile/AppDelegate.m; sourceTree = "<group>"; };
		13B07FB51A68108700A75B9A /* Images.xcassets */ = {isa = PBXFileReference; lastKnownFileType = folder.assetcatalog; name = Images.xcassets; path = sraagMobile/Images.xcassets; sourceTree = "<group>"; };
		13B07FB61A68108700A75B9A /* Info.plist */ = {isa = PBXFileReference; fileEncoding = 4; lastKnownFileType = text.plist.xml; name = Info.plist; path = sraagMobile/Info.plist; sourceTree = "<group>"; };
		13B07FB71A68108700A75B9A /* main.m */ = {isa = PBXFileReference; fileEncoding = 4; lastKnownFileType = sourcecode.c.objc; name = main.m; path = sraagMobile/main.m; sourceTree = "<group>"; };
		81AB9BB72411601600AC10FF /* LaunchScreen.storyboard */ = {isa = PBXFileReference; fileEncoding = 4; lastKnownFileType = file.storyboard; name = LaunchScreen.storyboard; path = sraagMobile/LaunchScreen.storyboard; sourceTree = "<group>"; };
		ED297162215061F000B7C4FE /* JavaScriptCore.framework */ = {isa = PBXFileReference; lastKnownFileType = wrapper.framework; name = JavaScriptCore.framework; path = System/Library/Frameworks/JavaScriptCore.framework; sourceTree = SDKROOT; };
		11BAF52D523146E0BF506642 /* BalooTammudu2-Bold.ttf */ = {isa = PBXFileReference; name = "BalooTammudu2-Bold.ttf"; path = "../src/theme/fonts/BalooTammudu2-Bold.ttf"; sourceTree = "<group>"; fileEncoding = undefined; lastKnownFileType = unknown; explicitFileType = undefined; includeInIndex = 0; };
		0317B3D622A64B7088D167EA /* BalooTammudu2-ExtraBold.ttf */ = {isa = PBXFileReference; name = "BalooTammudu2-ExtraBold.ttf"; path = "../src/theme/fonts/BalooTammudu2-ExtraBold.ttf"; sourceTree = "<group>"; fileEncoding = undefined; lastKnownFileType = unknown; explicitFileType = undefined; includeInIndex = 0; };
		DA633A8AB5424A509CB4C135 /* BalooTammudu2-Medium.ttf */ = {isa = PBXFileReference; name = "BalooTammudu2-Medium.ttf"; path = "../src/theme/fonts/BalooTammudu2-Medium.ttf"; sourceTree = "<group>"; fileEncoding = undefined; lastKnownFileType = unknown; explicitFileType = undefined; includeInIndex = 0; };
		B68395A7DEA34D8FB3F13447 /* BalooTammudu2-Regular.ttf */ = {isa = PBXFileReference; name = "BalooTammudu2-Regular.ttf"; path = "../src/theme/fonts/BalooTammudu2-Regular.ttf"; sourceTree = "<group>"; fileEncoding = undefined; lastKnownFileType = unknown; explicitFileType = undefined; includeInIndex = 0; };
		32CB7516B7584C6AAD900147 /* BalooTammudu2-SemiBold.ttf */ = {isa = PBXFileReference; name = "BalooTammudu2-SemiBold.ttf"; path = "../src/theme/fonts/BalooTammudu2-SemiBold.ttf"; sourceTree = "<group>"; fileEncoding = undefined; lastKnownFileType = unknown; explicitFileType = undefined; includeInIndex = 0; };
		3B47AC1BEFB840CEA2E450AB /* AntDesign.ttf */ = {isa = PBXFileReference; name = "AntDesign.ttf"; path = "../node_modules/react-native-vector-icons/Fonts/AntDesign.ttf"; sourceTree = "<group>"; fileEncoding = undefined; lastKnownFileType = unknown; explicitFileType = undefined; includeInIndex = 0; };
		1D26C6044CED47F08567E404 /* Entypo.ttf */ = {isa = PBXFileReference; name = "Entypo.ttf"; path = "../node_modules/react-native-vector-icons/Fonts/Entypo.ttf"; sourceTree = "<group>"; fileEncoding = undefined; lastKnownFileType = unknown; explicitFileType = undefined; includeInIndex = 0; };
		8431988ACBF545E6A272B90F /* EvilIcons.ttf */ = {isa = PBXFileReference; name = "EvilIcons.ttf"; path = "../node_modules/react-native-vector-icons/Fonts/EvilIcons.ttf"; sourceTree = "<group>"; fileEncoding = undefined; lastKnownFileType = unknown; explicitFileType = undefined; includeInIndex = 0; };
		225F183D7F894B6DB76763EB /* Feather.ttf */ = {isa = PBXFileReference; name = "Feather.ttf"; path = "../node_modules/react-native-vector-icons/Fonts/Feather.ttf"; sourceTree = "<group>"; fileEncoding = undefined; lastKnownFileType = unknown; explicitFileType = undefined; includeInIndex = 0; };
		6A299FE672E94ADD8923E4BB /* FontAwesome.ttf */ = {isa = PBXFileReference; name = "FontAwesome.ttf"; path = "../node_modules/react-native-vector-icons/Fonts/FontAwesome.ttf"; sourceTree = "<group>"; fileEncoding = undefined; lastKnownFileType = unknown; explicitFileType = undefined; includeInIndex = 0; };
		1E0A2A842FF94C088C40F054 /* FontAwesome5_Brands.ttf */ = {isa = PBXFileReference; name = "FontAwesome5_Brands.ttf"; path = "../node_modules/react-native-vector-icons/Fonts/FontAwesome5_Brands.ttf"; sourceTree = "<group>"; fileEncoding = undefined; lastKnownFileType = unknown; explicitFileType = undefined; includeInIndex = 0; };
		3D3F7B5160384B5AB3F06175 /* FontAwesome5_Regular.ttf */ = {isa = PBXFileReference; name = "FontAwesome5_Regular.ttf"; path = "../node_modules/react-native-vector-icons/Fonts/FontAwesome5_Regular.ttf"; sourceTree = "<group>"; fileEncoding = undefined; lastKnownFileType = unknown; explicitFileType = undefined; includeInIndex = 0; };
		005E83C808A44C24ACC9782F /* FontAwesome5_Solid.ttf */ = {isa = PBXFileReference; name = "FontAwesome5_Solid.ttf"; path = "../node_modules/react-native-vector-icons/Fonts/FontAwesome5_Solid.ttf"; sourceTree = "<group>"; fileEncoding = undefined; lastKnownFileType = unknown; explicitFileType = undefined; includeInIndex = 0; };
		0C8E508F6C2D4AE4A94F1861 /* Fontisto.ttf */ = {isa = PBXFileReference; name = "Fontisto.ttf"; path = "../node_modules/react-native-vector-icons/Fonts/Fontisto.ttf"; sourceTree = "<group>"; fileEncoding = undefined; lastKnownFileType = unknown; explicitFileType = undefined; includeInIndex = 0; };
		30C45B8CAD5748028DDF3A55 /* Foundation.ttf */ = {isa = PBXFileReference; name = "Foundation.ttf"; path = "../node_modules/react-native-vector-icons/Fonts/Foundation.ttf"; sourceTree = "<group>"; fileEncoding = undefined; lastKnownFileType = unknown; explicitFileType = undefined; includeInIndex = 0; };
		11E88F70A4E047C49594BBF4 /* Ionicons.ttf */ = {isa = PBXFileReference; name = "Ionicons.ttf"; path = "../node_modules/react-native-vector-icons/Fonts/Ionicons.ttf"; sourceTree = "<group>"; fileEncoding = undefined; lastKnownFileType = unknown; explicitFileType = undefined; includeInIndex = 0; };
		B417B60F1B3F45FF857FC72B /* MaterialCommunityIcons.ttf */ = {isa = PBXFileReference; name = "MaterialCommunityIcons.ttf"; path = "../node_modules/react-native-vector-icons/Fonts/MaterialCommunityIcons.ttf"; sourceTree = "<group>"; fileEncoding = undefined; lastKnownFileType = unknown; explicitFileType = undefined; includeInIndex = 0; };
		BED096FFB07E4B748D84EB98 /* MaterialIcons.ttf */ = {isa = PBXFileReference; name = "MaterialIcons.ttf"; path = "../node_modules/react-native-vector-icons/Fonts/MaterialIcons.ttf"; sourceTree = "<group>"; fileEncoding = undefined; lastKnownFileType = unknown; explicitFileType = undefined; includeInIndex = 0; };
		F836394C4B9545A7938F294B /* Octicons.ttf */ = {isa = PBXFileReference; name = "Octicons.ttf"; path = "../node_modules/react-native-vector-icons/Fonts/Octicons.ttf"; sourceTree = "<group>"; fileEncoding = undefined; lastKnownFileType = unknown; explicitFileType = undefined; includeInIndex = 0; };
		5A508A0FCC5C48E8821E1B53 /* SimpleLineIcons.ttf */ = {isa = PBXFileReference; name = "SimpleLineIcons.ttf"; path = "../node_modules/react-native-vector-icons/Fonts/SimpleLineIcons.ttf"; sourceTree = "<group>"; fileEncoding = undefined; lastKnownFileType = unknown; explicitFileType = undefined; includeInIndex = 0; };
		3DF68B4CACC94FD78838B68B /* Zocial.ttf */ = {isa = PBXFileReference; name = "Zocial.ttf"; path = "../node_modules/react-native-vector-icons/Fonts/Zocial.ttf"; sourceTree = "<group>"; fileEncoding = undefined; lastKnownFileType = unknown; explicitFileType = undefined; includeInIndex = 0; };
		2243682964474D669F4C8414 /* Baloo-Bold.ttf */ = {isa = PBXFileReference; name = "Baloo-Bold.ttf"; path = "../assets/fonts/Baloo-Bold.ttf"; sourceTree = "<group>"; fileEncoding = undefined; lastKnownFileType = unknown; explicitFileType = undefined; includeInIndex = 0; };
		DE2B1BD041FF49F1B2DEBB48 /* Baloo-ExtraBold.ttf */ = {isa = PBXFileReference; name = "Baloo-ExtraBold.ttf"; path = "../assets/fonts/Baloo-ExtraBold.ttf"; sourceTree = "<group>"; fileEncoding = undefined; lastKnownFileType = unknown; explicitFileType = undefined; includeInIndex = 0; };
		9659E83F52BF4413B2C615A5 /* Baloo-Medium.ttf */ = {isa = PBXFileReference; name = "Baloo-Medium.ttf"; path = "../assets/fonts/Baloo-Medium.ttf"; sourceTree = "<group>"; fileEncoding = undefined; lastKnownFileType = unknown; explicitFileType = undefined; includeInIndex = 0; };
		0B81E5CE1072470AAB5E3804 /* Baloo-Regular.ttf */ = {isa = PBXFileReference; name = "Baloo-Regular.ttf"; path = "../assets/fonts/Baloo-Regular.ttf"; sourceTree = "<group>"; fileEncoding = undefined; lastKnownFileType = unknown; explicitFileType = undefined; includeInIndex = 0; };
		23F349975BA6414F859304DF /* Baloo-SemiBold.ttf */ = {isa = PBXFileReference; name = "Baloo-SemiBold.ttf"; path = "../assets/fonts/Baloo-SemiBold.ttf"; sourceTree = "<group>"; fileEncoding = undefined; lastKnownFileType = unknown; explicitFileType = undefined; includeInIndex = 0; };
		75452D743867483A91A9656A /* BalooBold.ttf */ = {isa = PBXFileReference; name = "BalooBold.ttf"; path = "../assets/fonts/BalooBold.ttf"; sourceTree = "<group>"; fileEncoding = undefined; lastKnownFileType = unknown; explicitFileType = undefined; includeInIndex = 0; };
		A7E4982AC26149AAA3AEE6CF /* BalooExtraBold.ttf */ = {isa = PBXFileReference; name = "BalooExtraBold.ttf"; path = "../assets/fonts/BalooExtraBold.ttf"; sourceTree = "<group>"; fileEncoding = undefined; lastKnownFileType = unknown; explicitFileType = undefined; includeInIndex = 0; };
		D52DBFB7081E46AFA4345D42 /* BalooMedium.ttf */ = {isa = PBXFileReference; name = "BalooMedium.ttf"; path = "../assets/fonts/BalooMedium.ttf"; sourceTree = "<group>"; fileEncoding = undefined; lastKnownFileType = unknown; explicitFileType = undefined; includeInIndex = 0; };
		124A653B709F4758A0F72F9A /* BalooRegular.ttf */ = {isa = PBXFileReference; name = "BalooRegular.ttf"; path = "../assets/fonts/BalooRegular.ttf"; sourceTree = "<group>"; fileEncoding = undefined; lastKnownFileType = unknown; explicitFileType = undefined; includeInIndex = 0; };
		667228D232234164B89EA1CC /* BalooSemiBold.ttf */ = {isa = PBXFileReference; name = "BalooSemiBold.ttf"; path = "../assets/fonts/BalooSemiBold.ttf"; sourceTree = "<group>"; fileEncoding = undefined; lastKnownFileType = unknown; explicitFileType = undefined; includeInIndex = 0; };
/* End PBXFileReference section */

/* Begin PBXFrameworksBuildPhase section */
		00E356EB1AD99517003FC87E /* Frameworks */ = {
			isa = PBXFrameworksBuildPhase;
			buildActionMask = 2147483647;
			files = (
			);
			runOnlyForDeploymentPostprocessing = 0;
		};
		13B07F8C1A680F5B00A75B9A /* Frameworks */ = {
			isa = PBXFrameworksBuildPhase;
			buildActionMask = 2147483647;
			files = (
			);
			runOnlyForDeploymentPostprocessing = 0;
		};
/* End PBXFrameworksBuildPhase section */

/* Begin PBXGroup section */
		00E356EF1AD99517003FC87E /* sraagMobileTests */ = {
			isa = PBXGroup;
			children = (
				00E356F21AD99517003FC87E /* sraagMobileTests.m */,
				00E356F01AD99517003FC87E /* Supporting Files */,
			);
			path = sraagMobileTests;
			sourceTree = "<group>";
		};
		00E356F01AD99517003FC87E /* Supporting Files */ = {
			isa = PBXGroup;
			children = (
				00E356F11AD99517003FC87E /* Info.plist */,
			);
			name = "Supporting Files";
			sourceTree = "<group>";
		};
		13B07FAE1A68108700A75B9A /* sraagMobile */ = {
			isa = PBXGroup;
			children = (
				13B07FAF1A68108700A75B9A /* AppDelegate.h */,
				13B07FB01A68108700A75B9A /* AppDelegate.m */,
				13B07FB51A68108700A75B9A /* Images.xcassets */,
				13B07FB61A68108700A75B9A /* Info.plist */,
				81AB9BB72411601600AC10FF /* LaunchScreen.storyboard */,
				13B07FB71A68108700A75B9A /* main.m */,
			);
			name = sraagMobile;
			sourceTree = "<group>";
		};
		2D16E6871FA4F8E400B85C8A /* Frameworks */ = {
			isa = PBXGroup;
			children = (
				ED297162215061F000B7C4FE /* JavaScriptCore.framework */,
			);
			name = Frameworks;
			sourceTree = "<group>";
		};
		832341AE1AAA6A7D00B99B32 /* Libraries */ = {
			isa = PBXGroup;
			children = (
			);
			name = Libraries;
			sourceTree = "<group>";
		};
		83CBB9F61A601CBA00E9B192 = {
			isa = PBXGroup;
			children = (
				13B07FAE1A68108700A75B9A /* sraagMobile */,
				832341AE1AAA6A7D00B99B32 /* Libraries */,
				00E356EF1AD99517003FC87E /* sraagMobileTests */,
				83CBBA001A601CBA00E9B192 /* Products */,
				2D16E6871FA4F8E400B85C8A /* Frameworks */,
				D38530E8E08B483995928374 /* Resources */,
			);
			indentWidth = 2;
			sourceTree = "<group>";
			tabWidth = 2;
			usesTabs = 0;
		};
		83CBBA001A601CBA00E9B192 /* Products */ = {
			isa = PBXGroup;
			children = (
				13B07F961A680F5B00A75B9A /* sraagMobile.app */,
				00E356EE1AD99517003FC87E /* sraagMobileTests.xctest */,
			);
			name = Products;
			sourceTree = "<group>";
		};
		D38530E8E08B483995928374 /* Resources */ = {
			isa = "PBXGroup";
			children = (
				11BAF52D523146E0BF506642 /* BalooTammudu2-Bold.ttf */,
				0317B3D622A64B7088D167EA /* BalooTammudu2-ExtraBold.ttf */,
				DA633A8AB5424A509CB4C135 /* BalooTammudu2-Medium.ttf */,
				B68395A7DEA34D8FB3F13447 /* BalooTammudu2-Regular.ttf */,
				32CB7516B7584C6AAD900147 /* BalooTammudu2-SemiBold.ttf */,
				3B47AC1BEFB840CEA2E450AB /* AntDesign.ttf */,
				1D26C6044CED47F08567E404 /* Entypo.ttf */,
				8431988ACBF545E6A272B90F /* EvilIcons.ttf */,
				225F183D7F894B6DB76763EB /* Feather.ttf */,
				6A299FE672E94ADD8923E4BB /* FontAwesome.ttf */,
				1E0A2A842FF94C088C40F054 /* FontAwesome5_Brands.ttf */,
				3D3F7B5160384B5AB3F06175 /* FontAwesome5_Regular.ttf */,
				005E83C808A44C24ACC9782F /* FontAwesome5_Solid.ttf */,
				0C8E508F6C2D4AE4A94F1861 /* Fontisto.ttf */,
				30C45B8CAD5748028DDF3A55 /* Foundation.ttf */,
				11E88F70A4E047C49594BBF4 /* Ionicons.ttf */,
				B417B60F1B3F45FF857FC72B /* MaterialCommunityIcons.ttf */,
				BED096FFB07E4B748D84EB98 /* MaterialIcons.ttf */,
				F836394C4B9545A7938F294B /* Octicons.ttf */,
				5A508A0FCC5C48E8821E1B53 /* SimpleLineIcons.ttf */,
				3DF68B4CACC94FD78838B68B /* Zocial.ttf */,
				2243682964474D669F4C8414 /* Baloo-Bold.ttf */,
				DE2B1BD041FF49F1B2DEBB48 /* Baloo-ExtraBold.ttf */,
				9659E83F52BF4413B2C615A5 /* Baloo-Medium.ttf */,
				0B81E5CE1072470AAB5E3804 /* Baloo-Regular.ttf */,
				23F349975BA6414F859304DF /* Baloo-SemiBold.ttf */,
				75452D743867483A91A9656A /* BalooBold.ttf */,
				A7E4982AC26149AAA3AEE6CF /* BalooExtraBold.ttf */,
				D52DBFB7081E46AFA4345D42 /* BalooMedium.ttf */,
				124A653B709F4758A0F72F9A /* BalooRegular.ttf */,
				667228D232234164B89EA1CC /* BalooSemiBold.ttf */,
			);
			name = Resources;
			sourceTree = "<group>";
			path = "";
		};
/* End PBXGroup section */

/* Begin PBXNativeTarget section */
		00E356ED1AD99517003FC87E /* sraagMobileTests */ = {
			isa = PBXNativeTarget;
			buildConfigurationList = 00E357021AD99517003FC87E /* Build configuration list for PBXNativeTarget "sraagMobileTests" */;
			buildPhases = (
				00E356EA1AD99517003FC87E /* Sources */,
				00E356EB1AD99517003FC87E /* Frameworks */,
				00E356EC1AD99517003FC87E /* Resources */,
			);
			buildRules = (
			);
			dependencies = (
				00E356F51AD99517003FC87E /* PBXTargetDependency */,
			);
			name = sraagMobileTests;
			productName = sraagMobileTests;
			productReference = 00E356EE1AD99517003FC87E /* sraagMobileTests.xctest */;
			productType = "com.apple.product-type.bundle.unit-test";
		};
		13B07F861A680F5B00A75B9A /* sraagMobile */ = {
			isa = PBXNativeTarget;
			buildConfigurationList = 13B07F931A680F5B00A75B9A /* Build configuration list for PBXNativeTarget "sraagMobile" */;
			buildPhases = (
				FD10A7F022414F080027D42C /* Start Packager */,
				13B07F871A680F5B00A75B9A /* Sources */,
				13B07F8C1A680F5B00A75B9A /* Frameworks */,
				13B07F8E1A680F5B00A75B9A /* Resources */,
				00DD1BFF1BD5951E006B06BC /* Bundle React Native code and images */,
			);
			buildRules = (
			);
			dependencies = (
			);
			name = sraagMobile;
			productName = sraagMobile;
			productReference = 13B07F961A680F5B00A75B9A /* sraagMobile.app */;
			productType = "com.apple.product-type.application";
		};
/* End PBXNativeTarget section */

/* Begin PBXProject section */
		83CBB9F71A601CBA00E9B192 /* Project object */ = {
			isa = PBXProject;
			attributes = {
				LastUpgradeCheck = 1210;
				TargetAttributes = {
					00E356ED1AD99517003FC87E = {
						CreatedOnToolsVersion = 6.2;
						TestTargetID = 13B07F861A680F5B00A75B9A;
					};
					13B07F861A680F5B00A75B9A = {
						LastSwiftMigration = 1120;
					};
				};
			};
			buildConfigurationList = 83CBB9FA1A601CBA00E9B192 /* Build configuration list for PBXProject "sraagMobile" */;
			compatibilityVersion = "Xcode 12.0";
			developmentRegion = en;
			hasScannedForEncodings = 0;
			knownRegions = (
				en,
				Base,
			);
			mainGroup = 83CBB9F61A601CBA00E9B192;
			productRefGroup = 83CBBA001A601CBA00E9B192 /* Products */;
			projectDirPath = "";
			projectRoot = "";
			targets = (
				13B07F861A680F5B00A75B9A /* sraagMobile */,
				00E356ED1AD99517003FC87E /* sraagMobileTests */,
			);
		};
/* End PBXProject section */

/* Begin PBXResourcesBuildPhase section */
		00E356EC1AD99517003FC87E /* Resources */ = {
			isa = PBXResourcesBuildPhase;
			buildActionMask = 2147483647;
			files = (
			);
			runOnlyForDeploymentPostprocessing = 0;
		};
		13B07F8E1A680F5B00A75B9A /* Resources */ = {
			isa = PBXResourcesBuildPhase;
			buildActionMask = 2147483647;
			files = (
				81AB9BB82411601600AC10FF /* LaunchScreen.storyboard in Resources */,
				13B07FBF1A68108700A75B9A /* Images.xcassets in Resources */,
				ECB292BBD8A0496CA410F096 /* BalooTammudu2-Bold.ttf in Resources */,
				E64687A2135046DDB64B404D /* BalooTammudu2-ExtraBold.ttf in Resources */,
				D8D8524C6DE948F6ABB54520 /* BalooTammudu2-Medium.ttf in Resources */,
				216E15E71C664846B21BA504 /* BalooTammudu2-Regular.ttf in Resources */,
				A562F77F22194EFCBFB9199B /* BalooTammudu2-SemiBold.ttf in Resources */,
				10E6754E25794BC58EABD4AE /* AntDesign.ttf in Resources */,
				9C01A99DE3AC47CCA960E558 /* Entypo.ttf in Resources */,
				5387B70BB237409DAF415300 /* EvilIcons.ttf in Resources */,
				1B853D44E1694C10BC85F26B /* Feather.ttf in Resources */,
				CE4CDED2D46A4CA88762165C /* FontAwesome.ttf in Resources */,
				9AFF0D0B61DA4E8EA00F08F7 /* FontAwesome5_Brands.ttf in Resources */,
				973E8127062A4F1EA80E6991 /* FontAwesome5_Regular.ttf in Resources */,
				CF941DEAECDC4339B5F4BB56 /* FontAwesome5_Solid.ttf in Resources */,
				B9B22BA4672D475AB5FD150B /* Fontisto.ttf in Resources */,
				CD541B5AB1DC467F811EC663 /* Foundation.ttf in Resources */,
				6F4CCC2EF1ED441693E13709 /* Ionicons.ttf in Resources */,
				3ECA2E7DAF334E878E04A966 /* MaterialCommunityIcons.ttf in Resources */,
				35CD53CAFEE74B58A24331EA /* MaterialIcons.ttf in Resources */,
				2C6A004E49254EC1A7195FB6 /* Octicons.ttf in Resources */,
				6DBF1C34246346B79D76ABA1 /* SimpleLineIcons.ttf in Resources */,
				2BB1F26B043A43FE899D007D /* Zocial.ttf in Resources */,
				7C78071719A2498B9E9A3CD9 /* Baloo-Bold.ttf in Resources */,
				3E6463270CF841EBA5255BE3 /* Baloo-ExtraBold.ttf in Resources */,
				EC827E43CFC64FBFB9B60DDD /* Baloo-Medium.ttf in Resources */,
				5A39A7A0EBCD43B48F5A10B2 /* Baloo-Regular.ttf in Resources */,
				374C893A99C24A08920E90E1 /* Baloo-SemiBold.ttf in Resources */,
				EB4FAF0AEA6D48A780E2EF75 /* BalooBold.ttf in Resources */,
				65C902B2AF214227BAA7410E /* BalooExtraBold.ttf in Resources */,
				91A4EB211EE04A898E9705D2 /* BalooMedium.ttf in Resources */,
				CD693E38AA7444F7997B35DD /* BalooRegular.ttf in Resources */,
				024F4547724E45F8BF6E7677 /* BalooSemiBold.ttf in Resources */,
			);
			runOnlyForDeploymentPostprocessing = 0;
		};
/* End PBXResourcesBuildPhase section */

/* Begin PBXShellScriptBuildPhase section */
		00DD1BFF1BD5951E006B06BC /* Bundle React Native code and images */ = {
			isa = PBXShellScriptBuildPhase;
			buildActionMask = 2147483647;
			files = (
			);
			inputPaths = (
			);
			name = "Bundle React Native code and images";
			outputPaths = (
			);
			runOnlyForDeploymentPostprocessing = 0;
			shellPath = /bin/sh;
			shellScript = "set -e\n\nexport NODE_BINARY=node\n../node_modules/react-native/scripts/react-native-xcode.sh\n";
		};
		FD10A7F022414F080027D42C /* Start Packager */ = {
			isa = PBXShellScriptBuildPhase;
			buildActionMask = 2147483647;
			files = (
			);
			inputFileListPaths = (
			);
			inputPaths = (
			);
			name = "Start Packager";
			outputFileListPaths = (
			);
			outputPaths = (
			);
			runOnlyForDeploymentPostprocessing = 0;
			shellPath = /bin/sh;
			shellScript = "export RCT_METRO_PORT=\"${RCT_METRO_PORT:=8081}\"\necho \"export RCT_METRO_PORT=${RCT_METRO_PORT}\" > \"${SRCROOT}/../node_modules/react-native/scripts/.packager.env\"\nif [ -z \"${RCT_NO_LAUNCH_PACKAGER+xxx}\" ] ; then\n  if nc -w 5 -z localhost ${RCT_METRO_PORT} ; then\n    if ! curl -s \"http://localhost:${RCT_METRO_PORT}/status\" | grep -q \"packager-status:running\" ; then\n      echo \"Port ${RCT_METRO_PORT} already in use, packager is either not running or not running correctly\"\n      exit 2\n    fi\n  else\n    open \"$SRCROOT/../node_modules/react-native/scripts/launchPackager.command\" || echo \"Can't start packager automatically\"\n  fi\nfi\n";
			showEnvVarsInLog = 0;
		};
/* End PBXShellScriptBuildPhase section */

/* Begin PBXSourcesBuildPhase section */
		00E356EA1AD99517003FC87E /* Sources */ = {
			isa = PBXSourcesBuildPhase;
			buildActionMask = 2147483647;
			files = (
				00E356F31AD99517003FC87E /* sraagMobileTests.m in Sources */,
			);
			runOnlyForDeploymentPostprocessing = 0;
		};
		13B07F871A680F5B00A75B9A /* Sources */ = {
			isa = PBXSourcesBuildPhase;
			buildActionMask = 2147483647;
			files = (
				13B07FBC1A68108700A75B9A /* AppDelegate.m in Sources */,
				13B07FC11A68108700A75B9A /* main.m in Sources */,
			);
			runOnlyForDeploymentPostprocessing = 0;
		};
/* End PBXSourcesBuildPhase section */

/* Begin PBXTargetDependency section */
		00E356F51AD99517003FC87E /* PBXTargetDependency */ = {
			isa = PBXTargetDependency;
			target = 13B07F861A680F5B00A75B9A /* sraagMobile */;
			targetProxy = 00E356F41AD99517003FC87E /* PBXContainerItemProxy */;
		};
/* End PBXTargetDependency section */

/* Begin XCBuildConfiguration section */
		00E356F61AD99517003FC87E /* Debug */ = {
			isa = XCBuildConfiguration;
			buildSettings = {
				BUNDLE_LOADER = "$(TEST_HOST)";
				GCC_PREPROCESSOR_DEFINITIONS = (
					"DEBUG=1",
					"$(inherited)",
				);
				INFOPLIST_FILE = sraagMobileTests/Info.plist;
				IPHONEOS_DEPLOYMENT_TARGET = 10.0;
				LD_RUNPATH_SEARCH_PATHS = (
					"$(inherited)",
					"@executable_path/Frameworks",
					"@loader_path/Frameworks",
				);
				OTHER_LDFLAGS = (
					"-ObjC",
					"-lc++",
					"$(inherited)",
				);
				PRODUCT_BUNDLE_IDENTIFIER = "org.reactjs.native.example.$(PRODUCT_NAME:rfc1034identifier)";
				PRODUCT_NAME = "$(TARGET_NAME)";
				TEST_HOST = "$(BUILT_PRODUCTS_DIR)/sraagMobile.app/sraagMobile";
			};
			name = Debug;
		};
		00E356F71AD99517003FC87E /* Release */ = {
			isa = XCBuildConfiguration;
			buildSettings = {
				BUNDLE_LOADER = "$(TEST_HOST)";
				COPY_PHASE_STRIP = NO;
				INFOPLIST_FILE = sraagMobileTests/Info.plist;
				IPHONEOS_DEPLOYMENT_TARGET = 10.0;
				LD_RUNPATH_SEARCH_PATHS = (
					"$(inherited)",
					"@executable_path/Frameworks",
					"@loader_path/Frameworks",
				);
				OTHER_LDFLAGS = (
					"-ObjC",
					"-lc++",
					"$(inherited)",
				);
				PRODUCT_BUNDLE_IDENTIFIER = "org.reactjs.native.example.$(PRODUCT_NAME:rfc1034identifier)";
				PRODUCT_NAME = "$(TARGET_NAME)";
				TEST_HOST = "$(BUILT_PRODUCTS_DIR)/sraagMobile.app/sraagMobile";
			};
			name = Release;
		};
		13B07F941A680F5B00A75B9A /* Debug */ = {
			isa = XCBuildConfiguration;
			buildSettings = {
				ASSETCATALOG_COMPILER_APPICON_NAME = AppIcon;
				CLANG_ENABLE_MODULES = YES;
				CURRENT_PROJECT_VERSION = 1;
				ENABLE_BITCODE = NO;
				INFOPLIST_FILE = sraagMobile/Info.plist;
				LD_RUNPATH_SEARCH_PATHS = (
					"$(inherited)",
					"@executable_path/Frameworks",
				);
				OTHER_LDFLAGS = (
					"$(inherited)",
					"-ObjC",
					"-lc++",
				);
				PRODUCT_BUNDLE_IDENTIFIER = "org.reactjs.native.example.$(PRODUCT_NAME:rfc1034identifier)";
				PRODUCT_NAME = sraagMobile;
				SWIFT_OPTIMIZATION_LEVEL = "-Onone";
				SWIFT_VERSION = 5.0;
				VERSIONING_SYSTEM = "apple-generic";
			};
			name = Debug;
		};
		13B07F951A680F5B00A75B9A /* Release */ = {
			isa = XCBuildConfiguration;
			buildSettings = {
				ASSETCATALOG_COMPILER_APPICON_NAME = AppIcon;
				CLANG_ENABLE_MODULES = YES;
				CURRENT_PROJECT_VERSION = 1;
				INFOPLIST_FILE = sraagMobile/Info.plist;
				LD_RUNPATH_SEARCH_PATHS = (
					"$(inherited)",
					"@executable_path/Frameworks",
				);
				OTHER_LDFLAGS = (
					"$(inherited)",
					"-ObjC",
					"-lc++",
				);
				PRODUCT_BUNDLE_IDENTIFIER = "org.reactjs.native.example.$(PRODUCT_NAME:rfc1034identifier)";
				PRODUCT_NAME = sraagMobile;
				SWIFT_VERSION = 5.0;
				VERSIONING_SYSTEM = "apple-generic";
			};
			name = Release;
		};
		83CBBA201A601CBA00E9B192 /* Debug */ = {
			isa = XCBuildConfiguration;
			buildSettings = {
				ALWAYS_SEARCH_USER_PATHS = NO;
				CLANG_ANALYZER_LOCALIZABILITY_NONLOCALIZED = YES;
				CLANG_CXX_LANGUAGE_STANDARD = "gnu++0x";
				CLANG_CXX_LIBRARY = "libc++";
				CLANG_ENABLE_MODULES = YES;
				CLANG_ENABLE_OBJC_ARC = YES;
				CLANG_WARN_BLOCK_CAPTURE_AUTORELEASING = YES;
				CLANG_WARN_BOOL_CONVERSION = YES;
				CLANG_WARN_COMMA = YES;
				CLANG_WARN_CONSTANT_CONVERSION = YES;
				CLANG_WARN_DEPRECATED_OBJC_IMPLEMENTATIONS = YES;
				CLANG_WARN_DIRECT_OBJC_ISA_USAGE = YES_ERROR;
				CLANG_WARN_EMPTY_BODY = YES;
				CLANG_WARN_ENUM_CONVERSION = YES;
				CLANG_WARN_INFINITE_RECURSION = YES;
				CLANG_WARN_INT_CONVERSION = YES;
				CLANG_WARN_NON_LITERAL_NULL_CONVERSION = YES;
				CLANG_WARN_OBJC_IMPLICIT_RETAIN_SELF = YES;
				CLANG_WARN_OBJC_LITERAL_CONVERSION = YES;
				CLANG_WARN_OBJC_ROOT_CLASS = YES_ERROR;
				CLANG_WARN_QUOTED_INCLUDE_IN_FRAMEWORK_HEADER = YES;
				CLANG_WARN_RANGE_LOOP_ANALYSIS = YES;
				CLANG_WARN_STRICT_PROTOTYPES = YES;
				CLANG_WARN_SUSPICIOUS_MOVE = YES;
				CLANG_WARN_UNREACHABLE_CODE = YES;
				CLANG_WARN__DUPLICATE_METHOD_MATCH = YES;
				"CODE_SIGN_IDENTITY[sdk=iphoneos*]" = "iPhone Developer";
				COPY_PHASE_STRIP = NO;
				ENABLE_STRICT_OBJC_MSGSEND = YES;
				ENABLE_TESTABILITY = YES;
				GCC_C_LANGUAGE_STANDARD = gnu99;
				GCC_DYNAMIC_NO_PIC = NO;
				GCC_NO_COMMON_BLOCKS = YES;
				GCC_OPTIMIZATION_LEVEL = 0;
				GCC_PREPROCESSOR_DEFINITIONS = (
					"DEBUG=1",
					"$(inherited)",
				);
				GCC_SYMBOLS_PRIVATE_EXTERN = NO;
				GCC_WARN_64_TO_32_BIT_CONVERSION = YES;
				GCC_WARN_ABOUT_RETURN_TYPE = YES_ERROR;
				GCC_WARN_UNDECLARED_SELECTOR = YES;
				GCC_WARN_UNINITIALIZED_AUTOS = YES_AGGRESSIVE;
				GCC_WARN_UNUSED_FUNCTION = YES;
				GCC_WARN_UNUSED_VARIABLE = YES;
				IPHONEOS_DEPLOYMENT_TARGET = 10.0;
				LD_RUNPATH_SEARCH_PATHS = (
					/usr/lib/swift,
					"$(inherited)",
				);
				LIBRARY_SEARCH_PATHS = (
					"\"$(TOOLCHAIN_DIR)/usr/lib/swift/$(PLATFORM_NAME)\"",
					"\"$(TOOLCHAIN_DIR)/usr/lib/swift-5.0/$(PLATFORM_NAME)\"",
					"\"$(inherited)\"",
				);
				MTL_ENABLE_DEBUG_INFO = YES;
				ONLY_ACTIVE_ARCH = YES;
				SDKROOT = iphoneos;
			};
			name = Debug;
		};
		83CBBA211A601CBA00E9B192 /* Release */ = {
			isa = XCBuildConfiguration;
			buildSettings = {
				ALWAYS_SEARCH_USER_PATHS = NO;
				CLANG_ANALYZER_LOCALIZABILITY_NONLOCALIZED = YES;
				CLANG_CXX_LANGUAGE_STANDARD = "gnu++0x";
				CLANG_CXX_LIBRARY = "libc++";
				CLANG_ENABLE_MODULES = YES;
				CLANG_ENABLE_OBJC_ARC = YES;
				CLANG_WARN_BLOCK_CAPTURE_AUTORELEASING = YES;
				CLANG_WARN_BOOL_CONVERSION = YES;
				CLANG_WARN_COMMA = YES;
				CLANG_WARN_CONSTANT_CONVERSION = YES;
				CLANG_WARN_DEPRECATED_OBJC_IMPLEMENTATIONS = YES;
				CLANG_WARN_DIRECT_OBJC_ISA_USAGE = YES_ERROR;
				CLANG_WARN_EMPTY_BODY = YES;
				CLANG_WARN_ENUM_CONVERSION = YES;
				CLANG_WARN_INFINITE_RECURSION = YES;
				CLANG_WARN_INT_CONVERSION = YES;
				CLANG_WARN_NON_LITERAL_NULL_CONVERSION = YES;
				CLANG_WARN_OBJC_IMPLICIT_RETAIN_SELF = YES;
				CLANG_WARN_OBJC_LITERAL_CONVERSION = YES;
				CLANG_WARN_OBJC_ROOT_CLASS = YES_ERROR;
				CLANG_WARN_QUOTED_INCLUDE_IN_FRAMEWORK_HEADER = YES;
				CLANG_WARN_RANGE_LOOP_ANALYSIS = YES;
				CLANG_WARN_STRICT_PROTOTYPES = YES;
				CLANG_WARN_SUSPICIOUS_MOVE = YES;
				CLANG_WARN_UNREACHABLE_CODE = YES;
				CLANG_WARN__DUPLICATE_METHOD_MATCH = YES;
				"CODE_SIGN_IDENTITY[sdk=iphoneos*]" = "iPhone Developer";
				COPY_PHASE_STRIP = YES;
				ENABLE_NS_ASSERTIONS = NO;
				ENABLE_STRICT_OBJC_MSGSEND = YES;
				GCC_C_LANGUAGE_STANDARD = gnu99;
				GCC_NO_COMMON_BLOCKS = YES;
				GCC_WARN_64_TO_32_BIT_CONVERSION = YES;
				GCC_WARN_ABOUT_RETURN_TYPE = YES_ERROR;
				GCC_WARN_UNDECLARED_SELECTOR = YES;
				GCC_WARN_UNINITIALIZED_AUTOS = YES_AGGRESSIVE;
				GCC_WARN_UNUSED_FUNCTION = YES;
				GCC_WARN_UNUSED_VARIABLE = YES;
				IPHONEOS_DEPLOYMENT_TARGET = 10.0;
				LD_RUNPATH_SEARCH_PATHS = (
					/usr/lib/swift,
					"$(inherited)",
				);
				LIBRARY_SEARCH_PATHS = (
					"\"$(TOOLCHAIN_DIR)/usr/lib/swift/$(PLATFORM_NAME)\"",
					"\"$(TOOLCHAIN_DIR)/usr/lib/swift-5.0/$(PLATFORM_NAME)\"",
					"\"$(inherited)\"",
				);
				MTL_ENABLE_DEBUG_INFO = NO;
				SDKROOT = iphoneos;
				VALIDATE_PRODUCT = YES;
			};
			name = Release;
		};
/* End XCBuildConfiguration section */

/* Begin XCConfigurationList section */
		00E357021AD99517003FC87E /* Build configuration list for PBXNativeTarget "sraagMobileTests" */ = {
			isa = XCConfigurationList;
			buildConfigurations = (
				00E356F61AD99517003FC87E /* Debug */,
				00E356F71AD99517003FC87E /* Release */,
			);
			defaultConfigurationIsVisible = 0;
			defaultConfigurationName = Release;
		};
		13B07F931A680F5B00A75B9A /* Build configuration list for PBXNativeTarget "sraagMobile" */ = {
			isa = XCConfigurationList;
			buildConfigurations = (
				13B07F941A680F5B00A75B9A /* Debug */,
				13B07F951A680F5B00A75B9A /* Release */,
			);
			defaultConfigurationIsVisible = 0;
			defaultConfigurationName = Release;
		};
		83CBB9FA1A601CBA00E9B192 /* Build configuration list for PBXProject "sraagMobile" */ = {
			isa = XCConfigurationList;
			buildConfigurations = (
				83CBBA201A601CBA00E9B192 /* Debug */,
				83CBBA211A601CBA00E9B192 /* Release */,
			);
			defaultConfigurationIsVisible = 0;
			defaultConfigurationName = Release;
		};
/* End XCConfigurationList section */
	};
	rootObject = 83CBB9F71A601CBA00E9B192 /* Project object */;
}
